
Microsoft Visual Studio Solution File, Format Version 12.00
# Visual Studio Version 17
VisualStudioVersion = 17.11.35303.130
MinimumVisualStudioVersion = 10.0.40219.1
Project("{2150E333-8FDC-42A3-9474-1A3956D46DE8}") = "docs", "docs", "{7AF8B522-9194-4CBA-B937-BA25D33B0E50}"
EndProject
Project("{2150E333-8FDC-42A3-9474-1A3956D46DE8}") = "src", "src", "{B44A2DF8-30EE-45D8-9389-56A0DC94EFDF}"
EndProject
Project("{2150E333-8FDC-42A3-9474-1A3956D46DE8}") = "Timeline", "Timeline", "{6438D795-7EF6-425F-A0C1-B48FACC53660}"
EndProject
Project("{2150E333-8FDC-42A3-9474-1A3956D46DE8}") = "Use Cases", "Use Cases", "{E56F7AED-410B-4632-9299-861EA82A9981}"
EndProject
Global
	GlobalSection(SolutionProperties) = preSolution
		HideSolutionNode = FALSE
	EndGlobalSection
	GlobalSection(NestedProjects) = preSolution
		{6438D795-7EF6-425F-A0C1-B48FACC53660} = {7AF8B522-9194-4CBA-B937-BA25D33B0E50}
		{E56F7AED-410B-4632-9299-861EA82A9981} = {7AF8B522-9194-4CBA-B937-BA25D33B0E50}
	EndGlobalSection
	GlobalSection(ExtensibilityGlobals) = postSolution
		SolutionGuid = {C855D726-2324-42EF-B667-BF46E195952E}
		FileExplorer = 
	EndGlobalSection
EndGlobal
