
Microsoft Visual Studio Solution File, Format Version 12.00
# Visual Studio Version 17
VisualStudioVersion = 17.7.34031.279
MinimumVisualStudioVersion = 10.0.40219.1
Project("{2150E333-8FDC-42A3-9474-1A3956D46DE8}") = "Solution Items", "Solution Items", "{87441106-A04A-4F6C-AC2B-EF56A52732F8}"
	ProjectSection(SolutionItems) = preProject
		.gitignore = .gitignore
		LICENSE = LICENSE
		README.md = README.md
	EndProjectSection
EndProject
Project("{9A19103F-16F7-4668-BE54-9A1E7A4F7556}") = "Gamer.ConsoleApp", "ConsoleApp\Gamer.ConsoleApp.csproj", "{2FA6DEA7-BACD-4CCE-B95D-390D6D8E6B39}"
EndProject
Project("{9A19103F-16F7-4668-BE54-9A1E7A4F7556}") = "Gamer.Maui", "MauiApp\Gamer.Maui.csproj", "{26638B30-0587-4E9E-997B-0094B399FAC4}"
EndProject
Global
	GlobalSection(SolutionConfigurationPlatforms) = preSolution
		Debug|Any CPU = Debug|Any CPU
		Release|Any CPU = Release|Any CPU
	EndGlobalSection
	GlobalSection(ProjectConfigurationPlatforms) = postSolution
		{2FA6DEA7-BACD-4CCE-B95D-390D6D8E6B39}.Debug|Any CPU.ActiveCfg = Debug|Any CPU
		{2FA6DEA7-BACD-4CCE-B95D-390D6D8E6B39}.Debug|Any CPU.Build.0 = Debug|Any CPU
		{2FA6DEA7-BACD-4CCE-B95D-390D6D8E6B39}.Release|Any CPU.ActiveCfg = Release|Any CPU
		{2FA6DEA7-BACD-4CCE-B95D-390D6D8E6B39}.Release|Any CPU.Build.0 = Release|Any CPU
		{26638B30-0587-4E9E-997B-0094B399FAC4}.Debug|Any CPU.ActiveCfg = Debug|Any CPU
		{26638B30-0587-4E9E-997B-0094B399FAC4}.Debug|Any CPU.Build.0 = Debug|Any CPU
		{26638B30-0587-4E9E-997B-0094B399FAC4}.Release|Any CPU.ActiveCfg = Release|Any CPU
		{26638B30-0587-4E9E-997B-0094B399FAC4}.Release|Any CPU.Build.0 = Release|Any CPU
	EndGlobalSection
	GlobalSection(SolutionProperties) = preSolution
		HideSolutionNode = FALSE
	EndGlobalSection
	GlobalSection(ExtensibilityGlobals) = postSolution
		SolutionGuid = {734A69C4-F563-497D-A2EB-9FE36BD371BD}
	EndGlobalSection
EndGlobal
