
Microsoft Visual Studio Solution File, Format Version 12.00
# Visual Studio Version 17
VisualStudioVersion = 17.0.31903.59
MinimumVisualStudioVersion = 10.0.40219.1
Project("{9A19103F-16F7-4668-BE54-9A1E7A4F7556}") = "Client.Gamer.WebApi", "Client.Gamer.WebApi\Client.Gamer.WebApi.csproj", "{FC90D4F7-B176-47D4-8748-2A51D0AB2C7E}"
EndProject
Project("{9A19103F-16F7-4668-BE54-9A1E7A4F7556}") = "Manager.Game.Contract", "Manager.Game.Contract\Manager.Game.Contract.csproj", "{E4442C8D-E868-4D32-A1CA-9553F14EF2DF}"
EndProject
Project("{9A19103F-16F7-4668-BE54-9A1E7A4F7556}") = "Manager.Game.Service", "Manager.Game.Service\Manager.Game.Service.csproj", "{BD8B6184-38B7-44FD-8DF1-E648D78F6143}"
EndProject
Project("{9A19103F-16F7-4668-BE54-9A1E7A4F7556}") = "Manager.Turn.Contract", "Manager.Turn.Contract\Manager.Turn.Contract.csproj", "{1A762939-1C1F-4990-A2CB-FCB94939C2E7}"
EndProject
Project("{9A19103F-16F7-4668-BE54-9A1E7A4F7556}") = "Manager.Turn.Service", "Manager.Turn.Service\Manager.Turn.Service.csproj", "{37EBCD88-CEA0-4FF7-BFA1-1A19DF93937F}"
EndProject
Project("{9A19103F-16F7-4668-BE54-9A1E7A4F7556}") = "Manager.Hint.Contract", "Manager.Hint.Contract\Manager.Hint.Contract.csproj", "{DD4DA88C-B0A9-4D92-8589-F90D75EDD42F}"
EndProject
Project("{9A19103F-16F7-4668-BE54-9A1E7A4F7556}") = "Manager.Hint.Service", "Manager.Hint.Service\Manager.Hint.Service.csproj", "{D7000726-AA04-4557-A0D7-EDB8C60408AC}"
EndProject
Project("{9A19103F-16F7-4668-BE54-9A1E7A4F7556}") = "Engine.GameRules.Contract", "Engine.GameRules.Contract\Engine.GameRules.Contract.csproj", "{347B1273-4D6C-451B-A2AB-43FE5189ADA8}"
EndProject
Project("{9A19103F-16F7-4668-BE54-9A1E7A4F7556}") = "Engine.GameRules.Service", "Engine.GameRules.Service\Engine.GameRules.Service.csproj", "{38663799-69B9-44AB-BD97-540F67955B7E}"
EndProject
Project("{9A19103F-16F7-4668-BE54-9A1E7A4F7556}") = "Engine.Hint.Contract", "Engine.Hint.Contract\Engine.Hint.Contract.csproj", "{DD1B260F-42FC-4359-98B2-6259E5975C10}"
EndProject
Project("{9A19103F-16F7-4668-BE54-9A1E7A4F7556}") = "Engine.Hint.Service", "Engine.Hint.Service\Engine.Hint.Service.csproj", "{5FBB8FCE-FC03-462B-935A-1A7FBDDA1324}"
EndProject
Project("{9A19103F-16F7-4668-BE54-9A1E7A4F7556}") = "Engine.Validating.Contract", "Engine.Turn.Contract\Engine.Validating.Contract.csproj", "{50AFB527-987B-41F5-B074-F31ECDD847B4}"
EndProject
Project("{9A19103F-16F7-4668-BE54-9A1E7A4F7556}") = "Engine.Validating.Service", "Engine.Turn.Service\Engine.Validating.Service.csproj", "{C73DDBF9-614B-40F5-A6A7-029CA2F2D32B}"
EndProject
Project("{9A19103F-16F7-4668-BE54-9A1E7A4F7556}") = "Access.Player.Contract", "Access.Player.Contract\Access.Player.Contract.csproj", "{866C587C-48CA-45C9-A3D3-5A42C43752E0}"
EndProject
Project("{9A19103F-16F7-4668-BE54-9A1E7A4F7556}") = "Access.Player.Service", "Access.Player.Service\Access.Player.Service.csproj", "{A13D8078-3C73-4B3B-801A-A6873C26A8B1}"
EndProject
Project("{9A19103F-16F7-4668-BE54-9A1E7A4F7556}") = "Access.Player.Orm", "Access.Player.Orm\Access.Player.Orm.csproj", "{3DAAFB2B-6E47-4799-81C1-4708990B43D6}"
EndProject
Project("{9A19103F-16F7-4668-BE54-9A1E7A4F7556}") = "Access.Game.Contract", "Access.Game.Contract\Access.Game.Contract.csproj", "{9499A718-DD15-439C-9CE0-52A7D59D1FB4}"
EndProject
Project("{9A19103F-16F7-4668-BE54-9A1E7A4F7556}") = "Access.Game.Service", "Access.Game.Service\Access.Game.Service.csproj", "{9B540153-3EB6-42B7-81D2-1FE28D72DE6F}"
EndProject
Project("{9A19103F-16F7-4668-BE54-9A1E7A4F7556}") = "Access.Game.Orm", "Access.Game.Orm\Access.Game.Orm.csproj", "{6BA4005A-BC50-4A4E-AE5A-255AD0C89AB0}"
EndProject
Project("{9A19103F-16F7-4668-BE54-9A1E7A4F7556}") = "Access.Rules.Contract", "Access.Rules.Contract\Access.Rules.Contract.csproj", "{3C42B82F-4BCE-4C40-BA22-1AB01D346DEB}"
EndProject
Project("{9A19103F-16F7-4668-BE54-9A1E7A4F7556}") = "Access.Rules.Service", "Access.Rules.Service\Access.Rules.Service.csproj", "{BFCF6F1B-E488-43D7-80A8-F79A51A80D80}"
EndProject
Project("{9A19103F-16F7-4668-BE54-9A1E7A4F7556}") = "Access.Rules.Orm", "Access.Rules.Orm\Access.Rules.Orm.csproj", "{218D14EE-C5BB-4772-A0F4-4586BA2627A2}"
EndProject
Project("{2150E333-8FDC-42A3-9474-1A3956D46DE8}") = "Clients", "Clients", "{74A2C2C0-8410-4A7A-969A-37D034854B9D}"
EndProject
Project("{2150E333-8FDC-42A3-9474-1A3956D46DE8}") = "Components", "Components", "{F1F1895D-74BE-4403-9637-BBD6D38E8E73}"
EndProject
Project("{2150E333-8FDC-42A3-9474-1A3956D46DE8}") = "Managers", "Managers", "{10511881-1D50-4EEE-B59B-83F60AB40166}"
EndProject
Project("{2150E333-8FDC-42A3-9474-1A3956D46DE8}") = "Accessors", "Accessors", "{801598A4-661A-40F4-8B1A-6A0B5DD6443A}"
EndProject
Project("{2150E333-8FDC-42A3-9474-1A3956D46DE8}") = "Engines", "Engines", "{D949E193-D20A-4F0A-9005-B23F4481903C}"
EndProject
Project("{2150E333-8FDC-42A3-9474-1A3956D46DE8}") = "Game", "Game", "{3FD55F63-5BA4-43FB-B02E-3D5ED4082E05}"
EndProject
Project("{2150E333-8FDC-42A3-9474-1A3956D46DE8}") = "Player", "Player", "{C80DEEDC-FCB2-43A3-B2BB-D7B36870180C}"
EndProject
Project("{2150E333-8FDC-42A3-9474-1A3956D46DE8}") = "Rules", "Rules", "{73046105-E2B3-4EAD-9CDE-5B464C76E1D1}"
EndProject
Project("{2150E333-8FDC-42A3-9474-1A3956D46DE8}") = "GameRules", "GameRules", "{8ACE9AA4-8624-4A44-B68D-85DB8AD99C44}"
EndProject
Project("{2150E333-8FDC-42A3-9474-1A3956D46DE8}") = "Hint", "Hint", "{E44C3EAE-E265-4C49-981D-AC6B88FACCFA}"
EndProject
Project("{2150E333-8FDC-42A3-9474-1A3956D46DE8}") = "Validating", "Validating", "{7827168E-E146-4EE8-8448-A1FB38DBDEE8}"
EndProject
Project("{2150E333-8FDC-42A3-9474-1A3956D46DE8}") = "Game", "Game", "{B98BF4AC-CCE7-434F-9BB2-86FC87630F14}"
EndProject
Project("{2150E333-8FDC-42A3-9474-1A3956D46DE8}") = "Hint", "Hint", "{ECA12A38-2FF6-4EFB-8D95-80EC665938BE}"
EndProject
Project("{2150E333-8FDC-42A3-9474-1A3956D46DE8}") = "Turn", "Turn", "{E83D5E3D-C50F-44F0-902C-1B69E621069E}"
EndProject
Project("{9A19103F-16F7-4668-BE54-9A1E7A4F7556}") = "Client.Gamer.Maui", "Client.Gamer.Maui\Client.Gamer.Maui.csproj", "{3CA2F04A-32A0-45CB-A02B-16BA8F5BDA8D}"
EndProject
Project("{9A19103F-16F7-4668-BE54-9A1E7A4F7556}") = "Client.Gamer.Wpf", "Client.Gamer.Wpf\Client.Gamer.Wpf.csproj", "{663B8B23-71CB-48C2-BD07-E1C742EA5241}"
EndProject
Project("{9A19103F-16F7-4668-BE54-9A1E7A4F7556}") = "Manager.Game.UnitTests", "Manager.Game.UnitTests\Manager.Game.UnitTests.csproj", "{EBFD76C9-D37A-4CB8-886D-FA18CBE494F3}"
EndProject
Project("{9A19103F-16F7-4668-BE54-9A1E7A4F7556}") = "Manager.Turn.UnitTests", "Manager.Turn.UnitTests\Manager.Turn.UnitTests.csproj", "{D11703C2-67BE-4B82-842A-661D229AC44A}"
EndProject
Project("{9A19103F-16F7-4668-BE54-9A1E7A4F7556}") = "Manager.Hint.UnitTests", "Manager.Hint.UnitTests\Manager.Hint.UnitTests.csproj", "{EC4B3FFF-F3E3-47D1-ADAC-CC8F5B793210}"
EndProject
Project("{9A19103F-16F7-4668-BE54-9A1E7A4F7556}") = "Engine.GameRules.UnitTests", "Engine.GameRules.UnitTests\Engine.GameRules.UnitTests.csproj", "{187B1230-BB43-4A62-8E13-85A13416166D}"
EndProject
Project("{9A19103F-16F7-4668-BE54-9A1E7A4F7556}") = "Engine.Hint.UnitTests", "Engine.Hint.UnitTests\Engine.Hint.UnitTests.csproj", "{015C1C48-F9E8-4E9C-B72C-4E99E9EB23CC}"
EndProject
Project("{9A19103F-16F7-4668-BE54-9A1E7A4F7556}") = "Engine.Validating.UnitTests", "Engine.Turn.UnitTests\Engine.Validating.UnitTests.csproj", "{E84DCF26-9FF8-4835-8691-B9CFE7E0DDE8}"
EndProject
Project("{9A19103F-16F7-4668-BE54-9A1E7A4F7556}") = "Access.Player.UnitTests", "Access.Player.UnitTests\Access.Player.UnitTests.csproj", "{D5CD62F4-0B59-4079-975C-306BB1147735}"
EndProject
Project("{9A19103F-16F7-4668-BE54-9A1E7A4F7556}") = "Access.Game.UnitTests", "Access.Game.UnitTests\Access.Game.UnitTests.csproj", "{AA3810D6-379E-4323-92BA-FEB9B683C8DE}"
EndProject
Project("{9A19103F-16F7-4668-BE54-9A1E7A4F7556}") = "Access.Rules.UnitTests", "Access.Rules.UnitTests\Access.Rules.UnitTests.csproj", "{0B946499-4EE7-4DA3-B974-A47AD30A9A02}"
EndProject
Project("{9A19103F-16F7-4668-BE54-9A1E7A4F7556}") = "Ifx", "Ifx\Ifx.csproj", "{8A8511F9-E0A6-479C-B47E-DCECAFB35608}"
EndProject
Global
	GlobalSection(SolutionConfigurationPlatforms) = preSolution
		Debug|Any CPU = Debug|Any CPU
		Release|Any CPU = Release|Any CPU
	EndGlobalSection
	GlobalSection(ProjectConfigurationPlatforms) = postSolution
		{FC90D4F7-B176-47D4-8748-2A51D0AB2C7E}.Debug|Any CPU.ActiveCfg = Debug|Any CPU
		{FC90D4F7-B176-47D4-8748-2A51D0AB2C7E}.Debug|Any CPU.Build.0 = Debug|Any CPU
		{FC90D4F7-B176-47D4-8748-2A51D0AB2C7E}.Release|Any CPU.ActiveCfg = Release|Any CPU
		{FC90D4F7-B176-47D4-8748-2A51D0AB2C7E}.Release|Any CPU.Build.0 = Release|Any CPU
		{E4442C8D-E868-4D32-A1CA-9553F14EF2DF}.Debug|Any CPU.ActiveCfg = Debug|Any CPU
		{E4442C8D-E868-4D32-A1CA-9553F14EF2DF}.Debug|Any CPU.Build.0 = Debug|Any CPU
		{E4442C8D-E868-4D32-A1CA-9553F14EF2DF}.Release|Any CPU.ActiveCfg = Release|Any CPU
		{E4442C8D-E868-4D32-A1CA-9553F14EF2DF}.Release|Any CPU.Build.0 = Release|Any CPU
		{BD8B6184-38B7-44FD-8DF1-E648D78F6143}.Debug|Any CPU.ActiveCfg = Debug|Any CPU
		{BD8B6184-38B7-44FD-8DF1-E648D78F6143}.Debug|Any CPU.Build.0 = Debug|Any CPU
		{BD8B6184-38B7-44FD-8DF1-E648D78F6143}.Release|Any CPU.ActiveCfg = Release|Any CPU
		{BD8B6184-38B7-44FD-8DF1-E648D78F6143}.Release|Any CPU.Build.0 = Release|Any CPU
		{1A762939-1C1F-4990-A2CB-FCB94939C2E7}.Debug|Any CPU.ActiveCfg = Debug|Any CPU
		{1A762939-1C1F-4990-A2CB-FCB94939C2E7}.Debug|Any CPU.Build.0 = Debug|Any CPU
		{1A762939-1C1F-4990-A2CB-FCB94939C2E7}.Release|Any CPU.ActiveCfg = Release|Any CPU
		{1A762939-1C1F-4990-A2CB-FCB94939C2E7}.Release|Any CPU.Build.0 = Release|Any CPU
		{37EBCD88-CEA0-4FF7-BFA1-1A19DF93937F}.Debug|Any CPU.ActiveCfg = Debug|Any CPU
		{37EBCD88-CEA0-4FF7-BFA1-1A19DF93937F}.Debug|Any CPU.Build.0 = Debug|Any CPU
		{37EBCD88-CEA0-4FF7-BFA1-1A19DF93937F}.Release|Any CPU.ActiveCfg = Release|Any CPU
		{37EBCD88-CEA0-4FF7-BFA1-1A19DF93937F}.Release|Any CPU.Build.0 = Release|Any CPU
		{DD4DA88C-B0A9-4D92-8589-F90D75EDD42F}.Debug|Any CPU.ActiveCfg = Debug|Any CPU
		{DD4DA88C-B0A9-4D92-8589-F90D75EDD42F}.Debug|Any CPU.Build.0 = Debug|Any CPU
		{DD4DA88C-B0A9-4D92-8589-F90D75EDD42F}.Release|Any CPU.ActiveCfg = Release|Any CPU
		{DD4DA88C-B0A9-4D92-8589-F90D75EDD42F}.Release|Any CPU.Build.0 = Release|Any CPU
		{D7000726-AA04-4557-A0D7-EDB8C60408AC}.Debug|Any CPU.ActiveCfg = Debug|Any CPU
		{D7000726-AA04-4557-A0D7-EDB8C60408AC}.Debug|Any CPU.Build.0 = Debug|Any CPU
		{D7000726-AA04-4557-A0D7-EDB8C60408AC}.Release|Any CPU.ActiveCfg = Release|Any CPU
		{D7000726-AA04-4557-A0D7-EDB8C60408AC}.Release|Any CPU.Build.0 = Release|Any CPU
		{347B1273-4D6C-451B-A2AB-43FE5189ADA8}.Debug|Any CPU.ActiveCfg = Debug|Any CPU
		{347B1273-4D6C-451B-A2AB-43FE5189ADA8}.Debug|Any CPU.Build.0 = Debug|Any CPU
		{347B1273-4D6C-451B-A2AB-43FE5189ADA8}.Release|Any CPU.ActiveCfg = Release|Any CPU
		{347B1273-4D6C-451B-A2AB-43FE5189ADA8}.Release|Any CPU.Build.0 = Release|Any CPU
		{38663799-69B9-44AB-BD97-540F67955B7E}.Debug|Any CPU.ActiveCfg = Debug|Any CPU
		{38663799-69B9-44AB-BD97-540F67955B7E}.Debug|Any CPU.Build.0 = Debug|Any CPU
		{38663799-69B9-44AB-BD97-540F67955B7E}.Release|Any CPU.ActiveCfg = Release|Any CPU
		{38663799-69B9-44AB-BD97-540F67955B7E}.Release|Any CPU.Build.0 = Release|Any CPU
		{DD1B260F-42FC-4359-98B2-6259E5975C10}.Debug|Any CPU.ActiveCfg = Debug|Any CPU
		{DD1B260F-42FC-4359-98B2-6259E5975C10}.Debug|Any CPU.Build.0 = Debug|Any CPU
		{DD1B260F-42FC-4359-98B2-6259E5975C10}.Release|Any CPU.ActiveCfg = Release|Any CPU
		{DD1B260F-42FC-4359-98B2-6259E5975C10}.Release|Any CPU.Build.0 = Release|Any CPU
		{5FBB8FCE-FC03-462B-935A-1A7FBDDA1324}.Debug|Any CPU.ActiveCfg = Debug|Any CPU
		{5FBB8FCE-FC03-462B-935A-1A7FBDDA1324}.Debug|Any CPU.Build.0 = Debug|Any CPU
		{5FBB8FCE-FC03-462B-935A-1A7FBDDA1324}.Release|Any CPU.ActiveCfg = Release|Any CPU
		{5FBB8FCE-FC03-462B-935A-1A7FBDDA1324}.Release|Any CPU.Build.0 = Release|Any CPU
		{50AFB527-987B-41F5-B074-F31ECDD847B4}.Debug|Any CPU.ActiveCfg = Debug|Any CPU
		{50AFB527-987B-41F5-B074-F31ECDD847B4}.Debug|Any CPU.Build.0 = Debug|Any CPU
		{50AFB527-987B-41F5-B074-F31ECDD847B4}.Release|Any CPU.ActiveCfg = Release|Any CPU
		{50AFB527-987B-41F5-B074-F31ECDD847B4}.Release|Any CPU.Build.0 = Release|Any CPU
		{C73DDBF9-614B-40F5-A6A7-029CA2F2D32B}.Debug|Any CPU.ActiveCfg = Debug|Any CPU
		{C73DDBF9-614B-40F5-A6A7-029CA2F2D32B}.Debug|Any CPU.Build.0 = Debug|Any CPU
		{C73DDBF9-614B-40F5-A6A7-029CA2F2D32B}.Release|Any CPU.ActiveCfg = Release|Any CPU
		{C73DDBF9-614B-40F5-A6A7-029CA2F2D32B}.Release|Any CPU.Build.0 = Release|Any CPU
		{866C587C-48CA-45C9-A3D3-5A42C43752E0}.Debug|Any CPU.ActiveCfg = Debug|Any CPU
		{866C587C-48CA-45C9-A3D3-5A42C43752E0}.Debug|Any CPU.Build.0 = Debug|Any CPU
		{866C587C-48CA-45C9-A3D3-5A42C43752E0}.Release|Any CPU.ActiveCfg = Release|Any CPU
		{866C587C-48CA-45C9-A3D3-5A42C43752E0}.Release|Any CPU.Build.0 = Release|Any CPU
		{A13D8078-3C73-4B3B-801A-A6873C26A8B1}.Debug|Any CPU.ActiveCfg = Debug|Any CPU
		{A13D8078-3C73-4B3B-801A-A6873C26A8B1}.Debug|Any CPU.Build.0 = Debug|Any CPU
		{A13D8078-3C73-4B3B-801A-A6873C26A8B1}.Release|Any CPU.ActiveCfg = Release|Any CPU
		{A13D8078-3C73-4B3B-801A-A6873C26A8B1}.Release|Any CPU.Build.0 = Release|Any CPU
		{3DAAFB2B-6E47-4799-81C1-4708990B43D6}.Debug|Any CPU.ActiveCfg = Debug|Any CPU
		{3DAAFB2B-6E47-4799-81C1-4708990B43D6}.Debug|Any CPU.Build.0 = Debug|Any CPU
		{3DAAFB2B-6E47-4799-81C1-4708990B43D6}.Release|Any CPU.ActiveCfg = Release|Any CPU
		{3DAAFB2B-6E47-4799-81C1-4708990B43D6}.Release|Any CPU.Build.0 = Release|Any CPU
		{9499A718-DD15-439C-9CE0-52A7D59D1FB4}.Debug|Any CPU.ActiveCfg = Debug|Any CPU
		{9499A718-DD15-439C-9CE0-52A7D59D1FB4}.Debug|Any CPU.Build.0 = Debug|Any CPU
		{9499A718-DD15-439C-9CE0-52A7D59D1FB4}.Release|Any CPU.ActiveCfg = Release|Any CPU
		{9499A718-DD15-439C-9CE0-52A7D59D1FB4}.Release|Any CPU.Build.0 = Release|Any CPU
		{9B540153-3EB6-42B7-81D2-1FE28D72DE6F}.Debug|Any CPU.ActiveCfg = Debug|Any CPU
		{9B540153-3EB6-42B7-81D2-1FE28D72DE6F}.Debug|Any CPU.Build.0 = Debug|Any CPU
		{9B540153-3EB6-42B7-81D2-1FE28D72DE6F}.Release|Any CPU.ActiveCfg = Release|Any CPU
		{9B540153-3EB6-42B7-81D2-1FE28D72DE6F}.Release|Any CPU.Build.0 = Release|Any CPU
		{6BA4005A-BC50-4A4E-AE5A-255AD0C89AB0}.Debug|Any CPU.ActiveCfg = Debug|Any CPU
		{6BA4005A-BC50-4A4E-AE5A-255AD0C89AB0}.Debug|Any CPU.Build.0 = Debug|Any CPU
		{6BA4005A-BC50-4A4E-AE5A-255AD0C89AB0}.Release|Any CPU.ActiveCfg = Release|Any CPU
		{6BA4005A-BC50-4A4E-AE5A-255AD0C89AB0}.Release|Any CPU.Build.0 = Release|Any CPU
		{3C42B82F-4BCE-4C40-BA22-1AB01D346DEB}.Debug|Any CPU.ActiveCfg = Debug|Any CPU
		{3C42B82F-4BCE-4C40-BA22-1AB01D346DEB}.Debug|Any CPU.Build.0 = Debug|Any CPU
		{3C42B82F-4BCE-4C40-BA22-1AB01D346DEB}.Release|Any CPU.ActiveCfg = Release|Any CPU
		{3C42B82F-4BCE-4C40-BA22-1AB01D346DEB}.Release|Any CPU.Build.0 = Release|Any CPU
		{BFCF6F1B-E488-43D7-80A8-F79A51A80D80}.Debug|Any CPU.ActiveCfg = Debug|Any CPU
		{BFCF6F1B-E488-43D7-80A8-F79A51A80D80}.Debug|Any CPU.Build.0 = Debug|Any CPU
		{BFCF6F1B-E488-43D7-80A8-F79A51A80D80}.Release|Any CPU.ActiveCfg = Release|Any CPU
		{BFCF6F1B-E488-43D7-80A8-F79A51A80D80}.Release|Any CPU.Build.0 = Release|Any CPU
		{218D14EE-C5BB-4772-A0F4-4586BA2627A2}.Debug|Any CPU.ActiveCfg = Debug|Any CPU
		{218D14EE-C5BB-4772-A0F4-4586BA2627A2}.Debug|Any CPU.Build.0 = Debug|Any CPU
		{218D14EE-C5BB-4772-A0F4-4586BA2627A2}.Release|Any CPU.ActiveCfg = Release|Any CPU
		{218D14EE-C5BB-4772-A0F4-4586BA2627A2}.Release|Any CPU.Build.0 = Release|Any CPU
		{3CA2F04A-32A0-45CB-A02B-16BA8F5BDA8D}.Debug|Any CPU.ActiveCfg = Debug|Any CPU
		{3CA2F04A-32A0-45CB-A02B-16BA8F5BDA8D}.Debug|Any CPU.Build.0 = Debug|Any CPU
		{3CA2F04A-32A0-45CB-A02B-16BA8F5BDA8D}.Debug|Any CPU.Deploy.0 = Debug|Any CPU
		{3CA2F04A-32A0-45CB-A02B-16BA8F5BDA8D}.Release|Any CPU.ActiveCfg = Release|Any CPU
		{3CA2F04A-32A0-45CB-A02B-16BA8F5BDA8D}.Release|Any CPU.Build.0 = Release|Any CPU
		{3CA2F04A-32A0-45CB-A02B-16BA8F5BDA8D}.Release|Any CPU.Deploy.0 = Release|Any CPU
		{663B8B23-71CB-48C2-BD07-E1C742EA5241}.Debug|Any CPU.ActiveCfg = Debug|Any CPU
		{663B8B23-71CB-48C2-BD07-E1C742EA5241}.Debug|Any CPU.Build.0 = Debug|Any CPU
		{663B8B23-71CB-48C2-BD07-E1C742EA5241}.Release|Any CPU.ActiveCfg = Release|Any CPU
		{663B8B23-71CB-48C2-BD07-E1C742EA5241}.Release|Any CPU.Build.0 = Release|Any CPU
		{EBFD76C9-D37A-4CB8-886D-FA18CBE494F3}.Debug|Any CPU.ActiveCfg = Debug|Any CPU
		{EBFD76C9-D37A-4CB8-886D-FA18CBE494F3}.Debug|Any CPU.Build.0 = Debug|Any CPU
		{EBFD76C9-D37A-4CB8-886D-FA18CBE494F3}.Release|Any CPU.ActiveCfg = Release|Any CPU
		{EBFD76C9-D37A-4CB8-886D-FA18CBE494F3}.Release|Any CPU.Build.0 = Release|Any CPU
		{D11703C2-67BE-4B82-842A-661D229AC44A}.Debug|Any CPU.ActiveCfg = Debug|Any CPU
		{D11703C2-67BE-4B82-842A-661D229AC44A}.Debug|Any CPU.Build.0 = Debug|Any CPU
		{D11703C2-67BE-4B82-842A-661D229AC44A}.Release|Any CPU.ActiveCfg = Release|Any CPU
		{D11703C2-67BE-4B82-842A-661D229AC44A}.Release|Any CPU.Build.0 = Release|Any CPU
		{EC4B3FFF-F3E3-47D1-ADAC-CC8F5B793210}.Debug|Any CPU.ActiveCfg = Debug|Any CPU
		{EC4B3FFF-F3E3-47D1-ADAC-CC8F5B793210}.Debug|Any CPU.Build.0 = Debug|Any CPU
		{EC4B3FFF-F3E3-47D1-ADAC-CC8F5B793210}.Release|Any CPU.ActiveCfg = Release|Any CPU
		{EC4B3FFF-F3E3-47D1-ADAC-CC8F5B793210}.Release|Any CPU.Build.0 = Release|Any CPU
		{187B1230-BB43-4A62-8E13-85A13416166D}.Debug|Any CPU.ActiveCfg = Debug|Any CPU
		{187B1230-BB43-4A62-8E13-85A13416166D}.Debug|Any CPU.Build.0 = Debug|Any CPU
		{187B1230-BB43-4A62-8E13-85A13416166D}.Release|Any CPU.ActiveCfg = Release|Any CPU
		{187B1230-BB43-4A62-8E13-85A13416166D}.Release|Any CPU.Build.0 = Release|Any CPU
		{015C1C48-F9E8-4E9C-B72C-4E99E9EB23CC}.Debug|Any CPU.ActiveCfg = Debug|Any CPU
		{015C1C48-F9E8-4E9C-B72C-4E99E9EB23CC}.Debug|Any CPU.Build.0 = Debug|Any CPU
		{015C1C48-F9E8-4E9C-B72C-4E99E9EB23CC}.Release|Any CPU.ActiveCfg = Release|Any CPU
		{015C1C48-F9E8-4E9C-B72C-4E99E9EB23CC}.Release|Any CPU.Build.0 = Release|Any CPU
		{E84DCF26-9FF8-4835-8691-B9CFE7E0DDE8}.Debug|Any CPU.ActiveCfg = Debug|Any CPU
		{E84DCF26-9FF8-4835-8691-B9CFE7E0DDE8}.Debug|Any CPU.Build.0 = Debug|Any CPU
		{E84DCF26-9FF8-4835-8691-B9CFE7E0DDE8}.Release|Any CPU.ActiveCfg = Release|Any CPU
		{E84DCF26-9FF8-4835-8691-B9CFE7E0DDE8}.Release|Any CPU.Build.0 = Release|Any CPU
		{D5CD62F4-0B59-4079-975C-306BB1147735}.Debug|Any CPU.ActiveCfg = Debug|Any CPU
		{D5CD62F4-0B59-4079-975C-306BB1147735}.Debug|Any CPU.Build.0 = Debug|Any CPU
		{D5CD62F4-0B59-4079-975C-306BB1147735}.Release|Any CPU.ActiveCfg = Release|Any CPU
		{D5CD62F4-0B59-4079-975C-306BB1147735}.Release|Any CPU.Build.0 = Release|Any CPU
		{AA3810D6-379E-4323-92BA-FEB9B683C8DE}.Debug|Any CPU.ActiveCfg = Debug|Any CPU
		{AA3810D6-379E-4323-92BA-FEB9B683C8DE}.Debug|Any CPU.Build.0 = Debug|Any CPU
		{AA3810D6-379E-4323-92BA-FEB9B683C8DE}.Release|Any CPU.ActiveCfg = Release|Any CPU
		{AA3810D6-379E-4323-92BA-FEB9B683C8DE}.Release|Any CPU.Build.0 = Release|Any CPU
		{0B946499-4EE7-4DA3-B974-A47AD30A9A02}.Debug|Any CPU.ActiveCfg = Debug|Any CPU
		{0B946499-4EE7-4DA3-B974-A47AD30A9A02}.Debug|Any CPU.Build.0 = Debug|Any CPU
		{0B946499-4EE7-4DA3-B974-A47AD30A9A02}.Release|Any CPU.ActiveCfg = Release|Any CPU
		{0B946499-4EE7-4DA3-B974-A47AD30A9A02}.Release|Any CPU.Build.0 = Release|Any CPU
		{8A8511F9-E0A6-479C-B47E-DCECAFB35608}.Debug|Any CPU.ActiveCfg = Debug|Any CPU
		{8A8511F9-E0A6-479C-B47E-DCECAFB35608}.Debug|Any CPU.Build.0 = Debug|Any CPU
		{8A8511F9-E0A6-479C-B47E-DCECAFB35608}.Release|Any CPU.ActiveCfg = Release|Any CPU
		{8A8511F9-E0A6-479C-B47E-DCECAFB35608}.Release|Any CPU.Build.0 = Release|Any CPU
	EndGlobalSection
	GlobalSection(SolutionProperties) = preSolution
		HideSolutionNode = FALSE
	EndGlobalSection
	GlobalSection(NestedProjects) = preSolution
		{FC90D4F7-B176-47D4-8748-2A51D0AB2C7E} = {74A2C2C0-8410-4A7A-969A-37D034854B9D}
		{E4442C8D-E868-4D32-A1CA-9553F14EF2DF} = {B98BF4AC-CCE7-434F-9BB2-86FC87630F14}
		{BD8B6184-38B7-44FD-8DF1-E648D78F6143} = {B98BF4AC-CCE7-434F-9BB2-86FC87630F14}
		{1A762939-1C1F-4990-A2CB-FCB94939C2E7} = {E83D5E3D-C50F-44F0-902C-1B69E621069E}
		{37EBCD88-CEA0-4FF7-BFA1-1A19DF93937F} = {E83D5E3D-C50F-44F0-902C-1B69E621069E}
		{DD4DA88C-B0A9-4D92-8589-F90D75EDD42F} = {ECA12A38-2FF6-4EFB-8D95-80EC665938BE}
		{D7000726-AA04-4557-A0D7-EDB8C60408AC} = {ECA12A38-2FF6-4EFB-8D95-80EC665938BE}
		{347B1273-4D6C-451B-A2AB-43FE5189ADA8} = {8ACE9AA4-8624-4A44-B68D-85DB8AD99C44}
		{38663799-69B9-44AB-BD97-540F67955B7E} = {8ACE9AA4-8624-4A44-B68D-85DB8AD99C44}
		{DD1B260F-42FC-4359-98B2-6259E5975C10} = {E44C3EAE-E265-4C49-981D-AC6B88FACCFA}
		{5FBB8FCE-FC03-462B-935A-1A7FBDDA1324} = {E44C3EAE-E265-4C49-981D-AC6B88FACCFA}
		{50AFB527-987B-41F5-B074-F31ECDD847B4} = {7827168E-E146-4EE8-8448-A1FB38DBDEE8}
		{C73DDBF9-614B-40F5-A6A7-029CA2F2D32B} = {7827168E-E146-4EE8-8448-A1FB38DBDEE8}
		{866C587C-48CA-45C9-A3D3-5A42C43752E0} = {C80DEEDC-FCB2-43A3-B2BB-D7B36870180C}
		{A13D8078-3C73-4B3B-801A-A6873C26A8B1} = {C80DEEDC-FCB2-43A3-B2BB-D7B36870180C}
		{3DAAFB2B-6E47-4799-81C1-4708990B43D6} = {C80DEEDC-FCB2-43A3-B2BB-D7B36870180C}
		{9499A718-DD15-439C-9CE0-52A7D59D1FB4} = {3FD55F63-5BA4-43FB-B02E-3D5ED4082E05}
		{9B540153-3EB6-42B7-81D2-1FE28D72DE6F} = {3FD55F63-5BA4-43FB-B02E-3D5ED4082E05}
		{6BA4005A-BC50-4A4E-AE5A-255AD0C89AB0} = {3FD55F63-5BA4-43FB-B02E-3D5ED4082E05}
		{3C42B82F-4BCE-4C40-BA22-1AB01D346DEB} = {73046105-E2B3-4EAD-9CDE-5B464C76E1D1}
		{BFCF6F1B-E488-43D7-80A8-F79A51A80D80} = {73046105-E2B3-4EAD-9CDE-5B464C76E1D1}
		{218D14EE-C5BB-4772-A0F4-4586BA2627A2} = {73046105-E2B3-4EAD-9CDE-5B464C76E1D1}
		{10511881-1D50-4EEE-B59B-83F60AB40166} = {F1F1895D-74BE-4403-9637-BBD6D38E8E73}
		{801598A4-661A-40F4-8B1A-6A0B5DD6443A} = {F1F1895D-74BE-4403-9637-BBD6D38E8E73}
		{D949E193-D20A-4F0A-9005-B23F4481903C} = {F1F1895D-74BE-4403-9637-BBD6D38E8E73}
		{3FD55F63-5BA4-43FB-B02E-3D5ED4082E05} = {801598A4-661A-40F4-8B1A-6A0B5DD6443A}
		{C80DEEDC-FCB2-43A3-B2BB-D7B36870180C} = {801598A4-661A-40F4-8B1A-6A0B5DD6443A}
		{73046105-E2B3-4EAD-9CDE-5B464C76E1D1} = {801598A4-661A-40F4-8B1A-6A0B5DD6443A}
		{8ACE9AA4-8624-4A44-B68D-85DB8AD99C44} = {D949E193-D20A-4F0A-9005-B23F4481903C}
		{E44C3EAE-E265-4C49-981D-AC6B88FACCFA} = {D949E193-D20A-4F0A-9005-B23F4481903C}
		{7827168E-E146-4EE8-8448-A1FB38DBDEE8} = {D949E193-D20A-4F0A-9005-B23F4481903C}
		{B98BF4AC-CCE7-434F-9BB2-86FC87630F14} = {10511881-1D50-4EEE-B59B-83F60AB40166}
		{ECA12A38-2FF6-4EFB-8D95-80EC665938BE} = {10511881-1D50-4EEE-B59B-83F60AB40166}
		{E83D5E3D-C50F-44F0-902C-1B69E621069E} = {10511881-1D50-4EEE-B59B-83F60AB40166}
		{3CA2F04A-32A0-45CB-A02B-16BA8F5BDA8D} = {74A2C2C0-8410-4A7A-969A-37D034854B9D}
		{663B8B23-71CB-48C2-BD07-E1C742EA5241} = {74A2C2C0-8410-4A7A-969A-37D034854B9D}
		{EBFD76C9-D37A-4CB8-886D-FA18CBE494F3} = {B98BF4AC-CCE7-434F-9BB2-86FC87630F14}
		{D11703C2-67BE-4B82-842A-661D229AC44A} = {E83D5E3D-C50F-44F0-902C-1B69E621069E}
		{EC4B3FFF-F3E3-47D1-ADAC-CC8F5B793210} = {ECA12A38-2FF6-4EFB-8D95-80EC665938BE}
		{187B1230-BB43-4A62-8E13-85A13416166D} = {8ACE9AA4-8624-4A44-B68D-85DB8AD99C44}
		{015C1C48-F9E8-4E9C-B72C-4E99E9EB23CC} = {E44C3EAE-E265-4C49-981D-AC6B88FACCFA}
		{E84DCF26-9FF8-4835-8691-B9CFE7E0DDE8} = {7827168E-E146-4EE8-8448-A1FB38DBDEE8}
		{D5CD62F4-0B59-4079-975C-306BB1147735} = {C80DEEDC-FCB2-43A3-B2BB-D7B36870180C}
		{AA3810D6-379E-4323-92BA-FEB9B683C8DE} = {3FD55F63-5BA4-43FB-B02E-3D5ED4082E05}
		{0B946499-4EE7-4DA3-B974-A47AD30A9A02} = {73046105-E2B3-4EAD-9CDE-5B464C76E1D1}
	EndGlobalSection
	GlobalSection(ExtensibilityGlobals) = postSolution
		SolutionGuid = {65B28E9C-693A-4AF7-95F1-7194F6292075}
	EndGlobalSection
EndGlobal
