
Microsoft Visual Studio Solution File, Format Version 12.00
# Visual Studio Version 17
VisualStudioVersion = 17.0.31903.59
MinimumVisualStudioVersion = 10.0.40219.1
Project("{FAE04EC0-301F-11D3-BF4B-00C04F79EFBC}") = "Client.Mobile.MauiApp", "Client.Mobile.MauiApp\Client.Mobile.MauiApp.csproj", "{16342A79-AC7D-413D-B152-2895BE8AE423}"
EndProject
Global
	GlobalSection(SolutionConfigurationPlatforms) = preSolution
		Debug|Any CPU = Debug|Any CPU
		Release|Any CPU = Release|Any CPU
	EndGlobalSection
	GlobalSection(ProjectConfigurationPlatforms) = postSolution
		{16342A79-AC7D-413D-B152-2895BE8AE423}.Debug|Any CPU.ActiveCfg = Debug|Any CPU
		{16342A79-AC7D-413D-B152-2895BE8AE423}.Debug|Any CPU.Build.0 = Debug|Any CPU
		{16342A79-AC7D-413D-B152-2895BE8AE423}.Debug|Any CPU.Deploy.0 = Debug|Any CPU
		{16342A79-AC7D-413D-B152-2895BE8AE423}.Release|Any CPU.ActiveCfg = Release|Any CPU
		{16342A79-AC7D-413D-B152-2895BE8AE423}.Release|Any CPU.Build.0 = Release|Any CPU
		{16342A79-AC7D-413D-B152-2895BE8AE423}.Release|Any CPU.Deploy.0 = Release|Any CPU
	EndGlobalSection
	GlobalSection(SolutionProperties) = preSolution
		HideSolutionNode = FALSE
	EndGlobalSection
	GlobalSection(ExtensibilityGlobals) = postSolution
		SolutionGuid = {65B28E9C-693A-4AF7-95F1-7194F6292075}
	EndGlobalSection
EndGlobal
